<?xml version="1.0" encoding="utf-8"?>
<Project ToolsVersion="4.0" xmlns="http://schemas.microsoft.com/developer/msbuild/2003">
  <ItemGroup>
    <Filter Include="Source Files">
      <UniqueIdentifier>{4FC737F1-C7A5-4376-A066-2A32D752A2FF}</UniqueIdentifier>
      <Extensions>cpp;c;cc;cxx;def;odl;idl;hpj;bat;asm;asmx</Extensions>
    </Filter>
    <Filter Include="Resource Files">
      <UniqueIdentifier>{67DA6AB6-F800-4c08-8B7A-83BB121AAD01}</UniqueIdentifier>
      <Extensions>rc;ico;cur;bmp;dlg;rc2;rct;bin;rgs;gif;jpg;jpeg;jpe;resx;tiff;tif;png;wav</Extensions>
    </Filter>
    <Filter Include="Source Files\ui">
      <UniqueIdentifier>{441d1ba6-45eb-4752-85ad-3100e65fd629}</UniqueIdentifier>
    </Filter>
    <Filter Include="Source Files\system">
      <UniqueIdentifier>{f970d5a9-3e89-441c-bae0-f68063d0d05c}</UniqueIdentifier>
    </Filter>
    <Filter Include="Source Files\common">
      <UniqueIdentifier>{a2ba1c4f-ba54-4006-a722-abd0a36bdec4}</UniqueIdentifier>
    </Filter>
  </ItemGroup>
  <ItemGroup>
    <ClCompile Include="..\..\src\main.cpp">
      <Filter>Source Files</Filter>
    </ClCompile>
    <ClCompile Include="..\..\src\FinjinPrecompiled.cpp">
      <Filter>Source Files</Filter>
    </ClCompile>
    <ClCompile Include="..\..\..\..\common\src\InstallationContext.cpp">
      <Filter>Source Files\common</Filter>
    </ClCompile>
    <ClCompile Include="..\..\..\..\common\src\InstallationDetailsDialog.cpp">
      <Filter>Source Files\ui</Filter>
    </ClCompile>
    <ClCompile Include="..\..\..\..\common\src\InstallationDialogBase.cpp">
      <Filter>Source Files\ui</Filter>
    </ClCompile>
    <ClCompile Include="..\..\..\..\common\src\FileUtilities.cpp">
      <Filter>Source Files\system</Filter>
    </ClCompile>
    <ClCompile Include="..\..\..\..\common\src\FileVersionInfo.cpp">
      <Filter>Source Files\system</Filter>
    </ClCompile>
    <ClCompile Include="..\..\..\..\common\src\RegistryKeyEnumerator.cpp">
      <Filter>Source Files\system</Filter>
    </ClCompile>
    <ClCompile Include="..\..\..\..\common\src\SystemUtilities.cpp">
      <Filter>Source Files\system</Filter>
    </ClCompile>
  </ItemGroup>
  <ItemGroup>
    <ClInclude Include="resource.h">
      <Filter>Source Files</Filter>
    </ClInclude>
    <ClInclude Include="..\..\src\FinjinPrecompiled.hpp">
      <Filter>Source Files</Filter>
    </ClInclude>
    <ClInclude Include="..\..\..\..\common\src\CommonInstallerTypes.hpp">
      <Filter>Source Files\common</Filter>
    </ClInclude>
    <ClInclude Include="..\..\..\..\common\src\InstallationContext.hpp">
      <Filter>Source Files\common</Filter>
    </ClInclude>
    <ClInclude Include="..\..\..\..\common\src\InstallationDetailsDialog.hpp">
      <Filter>Source Files\ui</Filter>
    </ClInclude>
    <ClInclude Include="..\..\..\..\common\src\InstallationDialogBase.hpp">
      <Filter>Source Files\ui</Filter>
    </ClInclude>
    <ClInclude Include="..\..\..\..\common\src\FileUtilities.hpp">
      <Filter>Source Files\system</Filter>
    </ClInclude>
    <ClInclude Include="..\..\..\..\common\src\FileVersionInfo.hpp">
      <Filter>Source Files\system</Filter>
    </ClInclude>
    <ClInclude Include="..\..\..\..\common\src\RegistryKeyEnumerator.hpp">
      <Filter>Source Files\system</Filter>
    </ClInclude>
    <ClInclude Include="..\..\..\..\common\src\SystemUtilities.hpp">
      <Filter>Source Files\system</Filter>
    </ClInclude>
  </ItemGroup>
  <ItemGroup>
    <None Include="..\..\..\..\common\assets\images\application.ico">
      <Filter>Resource Files</Filter>
    </None>
  </ItemGroup>
  <ItemGroup>
    <ResourceCompile Include="finjin-exporter-installer.rc">
      <Filter>Resource Files</Filter>
    </ResourceCompile>
  </ItemGroup>
</Project>